
Microsoft Visual Studio Solution File, Format Version 12.00
# Visual Studio 15
VisualStudioVersion = 15.0.27130.2027
MinimumVisualStudioVersion = 10.0.40219.1
Project("{FAE04EC0-301F-11D3-BF4B-00C04F79EFBC}") = "SapMicroOrm", "SapMicroOrm\SapMicroOrm.csproj", "{67F16922-A9AB-4299-B99B-2EA8DF322091}"
EndProject
Global
	GlobalSection(SolutionConfigurationPlatforms) = preSolution
		Debug|Any CPU = Debug|Any CPU
		Release|Any CPU = Release|Any CPU
	EndGlobalSection
	GlobalSection(ProjectConfigurationPlatforms) = postSolution
		{67F16922-A9AB-4299-B99B-2EA8DF322091}.Debug|Any CPU.ActiveCfg = Debug|Any CPU
		{67F16922-A9AB-4299-B99B-2EA8DF322091}.Debug|Any CPU.Build.0 = Debug|Any CPU
		{67F16922-A9AB-4299-B99B-2EA8DF322091}.Release|Any CPU.ActiveCfg = Release|Any CPU
		{67F16922-A9AB-4299-B99B-2EA8DF322091}.Release|Any CPU.Build.0 = Release|Any CPU
	EndGlobalSection
	GlobalSection(SolutionProperties) = preSolution
		HideSolutionNode = FALSE
	EndGlobalSection
	GlobalSection(ExtensibilityGlobals) = postSolution
		SolutionGuid = {1A315E65-8B57-45C7-BAC3-2732E472FC8B}
	EndGlobalSection
EndGlobal
